// !$*UTF8*$!
{
	archiveVersion = 1;
	classes = {
	};
	objectVersion = 46;
	objects = {

/* Begin PBXBuildFile section */
		88F63884215A8061003F0E80 /* main.m in Sources */ = {isa = PBXBuildFile; fileRef = 88F63883215A8061003F0E80 /* main.m */; };
		88F63887215A8061003F0E80 /* AppDelegate.m in Sources */ = {isa = PBXBuildFile; fileRef = 88F63886215A8061003F0E80 /* AppDelegate.m */; };
		88F6388A215A8061003F0E80 /* ViewController.m in Sources */ = {isa = PBXBuildFile; fileRef = 88F63889215A8061003F0E80 /* ViewController.m */; };
		88F6388D215A8061003F0E80 /* Main.storyboard in Resources */ = {isa = PBXBuildFile; fileRef = 88F6388B215A8061003F0E80 /* Main.storyboard */; };
		88F6388F215A8061003F0E80 /* Assets.xcassets in Resources */ = {isa = PBXBuildFile; fileRef = 88F6388E215A8061003F0E80 /* Assets.xcassets */; };
		88F63892215A8061003F0E80 /* LaunchScreen.storyboard in Resources */ = {isa = PBXBuildFile; fileRef = 88F63890215A8061003F0E80 /* LaunchScreen.storyboard */; };
		88F638A4215A8B5D003F0E80 /* ReYunTracking.a in Frameworks */ = {isa = PBXBuildFile; fileRef = 88F638A3215A8B5D003F0E80 /* ReYunTracking.a */; };
/* End PBXBuildFile section */

/* Begin PBXFileReference section */
		88F6387F215A8061003F0E80 /* TrackingDemo.app */ = {isa = PBXFileReference; explicitFileType = wrapper.application; includeInIndex = 0; path = TrackingDemo.app; sourceTree = BUILT_PRODUCTS_DIR; };
		88F63883215A8061003F0E80 /* main.m */ = {isa = PBXFileReference; lastKnownFileType = sourcecode.c.objc; path = main.m; sourceTree = "<group>"; };
		88F63885215A8061003F0E80 /* AppDelegate.h */ = {isa = PBXFileReference; lastKnownFileType = sourcecode.c.h; path = AppDelegate.h; sourceTree = "<group>"; };
		88F63886215A8061003F0E80 /* AppDelegate.m */ = {isa = PBXFileReference; lastKnownFileType = sourcecode.c.objc; path = AppDelegate.m; sourceTree = "<group>"; };
		88F63888215A8061003F0E80 /* ViewController.h */ = {isa = PBXFileReference; lastKnownFileType = sourcecode.c.h; path = ViewController.h; sourceTree = "<group>"; };
		88F63889215A8061003F0E80 /* ViewController.m */ = {isa = PBXFileReference; lastKnownFileType = sourcecode.c.objc; path = ViewController.m; sourceTree = "<group>"; };
		88F6388C215A8061003F0E80 /* Base */ = {isa = PBXFileReference; lastKnownFileType = file.storyboard; name = Base; path = Base.lproj/Main.storyboard; sourceTree = "<group>"; };
		88F6388E215A8061003F0E80 /* Assets.xcassets */ = {isa = PBXFileReference; lastKnownFileType = folder.assetcatalog; path = Assets.xcassets; sourceTree = "<group>"; };
		88F63891215A8061003F0E80 /* Base */ = {isa = PBXFileReference; lastKnownFileType = file.storyboard; name = Base; path = Base.lproj/LaunchScreen.storyboard; sourceTree = "<group>"; };
		88F63893215A8061003F0E80 /* Info.plist */ = {isa = PBXFileReference; lastKnownFileType = text.plist.xml; path = Info.plist; sourceTree = "<group>"; };
		88F638A2215A8B5D003F0E80 /* Tracking.h */ = {isa = PBXFileReference; fileEncoding = 4; lastKnownFileType = sourcecode.c.h; path = Tracking.h; sourceTree = "<group>"; };
		88F638A3215A8B5D003F0E80 /* ReYunTracking.a */ = {isa = PBXFileReference; lastKnownFileType = archive.ar; path = ReYunTracking.a; sourceTree = "<group>"; };
/* End PBXFileReference section */

/* Begin PBXFrameworksBuildPhase section */
		88F6387C215A8061003F0E80 /* Frameworks */ = {
			isa = PBXFrameworksBuildPhase;
			buildActionMask = 2147483647;
			files = (
				88F638A4215A8B5D003F0E80 /* ReYunTracking.a in Frameworks */,
			);
			runOnlyForDeploymentPostprocessing = 0;
		};
/* End PBXFrameworksBuildPhase section */

/* Begin PBXGroup section */
		88F63876215A8061003F0E80 = {
			isa = PBXGroup;
			children = (
				88F638A1215A8B5D003F0E80 /* Tracking */,
				88F63881215A8061003F0E80 /* TrackingDemo */,
				88F63880215A8061003F0E80 /* Products */,
			);
			sourceTree = "<group>";
		};
		88F63880215A8061003F0E80 /* Products */ = {
			isa = PBXGroup;
			children = (
				88F6387F215A8061003F0E80 /* TrackingDemo.app */,
			);
			name = Products;
			sourceTree = "<group>";
		};
		88F63881215A8061003F0E80 /* TrackingDemo */ = {
			isa = PBXGroup;
			children = (
				88F63885215A8061003F0E80 /* AppDelegate.h */,
				88F63886215A8061003F0E80 /* AppDelegate.m */,
				88F63888215A8061003F0E80 /* ViewController.h */,
				88F63889215A8061003F0E80 /* ViewController.m */,
				88F6388B215A8061003F0E80 /* Main.storyboard */,
				88F6388E215A8061003F0E80 /* Assets.xcassets */,
				88F63890215A8061003F0E80 /* LaunchScreen.storyboard */,
				88F63893215A8061003F0E80 /* Info.plist */,
				88F63882215A8061003F0E80 /* Supporting Files */,
			);
			path = TrackingDemo;
			sourceTree = "<group>";
		};
		88F63882215A8061003F0E80 /* Supporting Files */ = {
			isa = PBXGroup;
			children = (
				88F63883215A8061003F0E80 /* main.m */,
			);
			name = "Supporting Files";
			sourceTree = "<group>";
		};
		88F638A1215A8B5D003F0E80 /* Tracking */ = {
			isa = PBXGroup;
			children = (
				88F638A2215A8B5D003F0E80 /* Tracking.h */,
				88F638A3215A8B5D003F0E80 /* ReYunTracking.a */,
			);
			name = Tracking;
			path = ../Tracking;
			sourceTree = "<group>";
		};
/* End PBXGroup section */

/* Begin PBXNativeTarget section */
		88F6387E215A8061003F0E80 /* TrackingDemo */ = {
			isa = PBXNativeTarget;
			buildConfigurationList = 88F63896215A8061003F0E80 /* Build configuration list for PBXNativeTarget "TrackingDemo" */;
			buildPhases = (
				88F6387B215A8061003F0E80 /* Sources */,
				88F6387C215A8061003F0E80 /* Frameworks */,
				88F6387D215A8061003F0E80 /* Resources */,
			);
			buildRules = (
			);
			dependencies = (
			);
			name = TrackingDemo;
			productName = TrackingDemo;
			productReference = 88F6387F215A8061003F0E80 /* TrackingDemo.app */;
			productType = "com.apple.product-type.application";
		};
/* End PBXNativeTarget section */

/* Begin PBXProject section */
		88F63877215A8061003F0E80 /* Project object */ = {
			isa = PBXProject;
			attributes = {
				LastUpgradeCheck = 0830;
				ORGANIZATIONNAME = reyun;
				TargetAttributes = {
					88F6387E215A8061003F0E80 = {
						CreatedOnToolsVersion = 8.3;
						ProvisioningStyle = Automatic;
					};
				};
			};
			buildConfigurationList = 88F6387A215A8061003F0E80 /* Build configuration list for PBXProject "TrackingDemo" */;
			compatibilityVersion = "Xcode 3.2";
			developmentRegion = English;
			hasScannedForEncodings = 0;
			knownRegions = (
				en,
				Base,
			);
			mainGroup = 88F63876215A8061003F0E80;
			productRefGroup = 88F63880215A8061003F0E80 /* Products */;
			projectDirPath = "";
			projectRoot = "";
			targets = (
				88F6387E215A8061003F0E80 /* TrackingDemo */,
			);
		};
/* End PBXProject section */

/* Begin PBXResourcesBuildPhase section */
		88F6387D215A8061003F0E80 /* Resources */ = {
			isa = PBXResourcesBuildPhase;
			buildActionMask = 2147483647;
			files = (
				88F63892215A8061003F0E80 /* LaunchScreen.storyboard in Resources */,
				88F6388F215A8061003F0E80 /* Assets.xcassets in Resources */,
				88F6388D215A8061003F0E80 /* Main.storyboard in Resources */,
			);
			runOnlyForDeploymentPostprocessing = 0;
		};
/* End PBXResourcesBuildPhase section */

/* Begin PBXSourcesBuildPhase section */
		88F6387B215A8061003F0E80 /* Sources */ = {
			isa = PBXSourcesBuildPhase;
			buildActionMask = 2147483647;
			files = (
				88F6388A215A8061003F0E80 /* ViewController.m in Sources */,
				88F63887215A8061003F0E80 /* AppDelegate.m in Sources */,
				88F63884215A8061003F0E80 /* main.m in Sources */,
			);
			runOnlyForDeploymentPostprocessing = 0;
		};
/* End PBXSourcesBuildPhase section */

/* Begin PBXVariantGroup section */
		88F6388B215A8061003F0E80 /* Main.storyboard */ = {
			isa = PBXVariantGroup;
			children = (
				88F6388C215A8061003F0E80 /* Base */,
			);
			name = Main.storyboard;
			sourceTree = "<group>";
		};
		88F63890215A8061003F0E80 /* LaunchScreen.storyboard */ = {
			isa = PBXVariantGroup;
			children = (
				88F63891215A8061003F0E80 /* Base */,
			);
			name = LaunchScreen.storyboard;
			sourceTree = "<group>";
		};
/* End PBXVariantGroup section */

/* Begin XCBuildConfiguration section */
		88F63894215A8061003F0E80 /* Debug */ = {
			isa = XCBuildConfiguration;
			buildSettings = {
				ALWAYS_SEARCH_USER_PATHS = NO;
				CLANG_ANALYZER_NONNULL = YES;
				CLANG_ANALYZER_NUMBER_OBJECT_CONVERSION = YES_AGGRESSIVE;
				CLANG_CXX_LANGUAGE_STANDARD = "gnu++0x";
				CLANG_CXX_LIBRARY = "libc++";
				CLANG_ENABLE_MODULES = YES;
				CLANG_ENABLE_OBJC_ARC = YES;
				CLANG_WARN_BOOL_CONVERSION = YES;
				CLANG_WARN_CONSTANT_CONVERSION = YES;
				CLANG_WARN_DIRECT_OBJC_ISA_USAGE = YES_ERROR;
				CLANG_WARN_DOCUMENTATION_COMMENTS = YES;
				CLANG_WARN_EMPTY_BODY = YES;
				CLANG_WARN_ENUM_CONVERSION = YES;
				CLANG_WARN_INFINITE_RECURSION = YES;
				CLANG_WARN_INT_CONVERSION = YES;
				CLANG_WARN_OBJC_ROOT_CLASS = YES_ERROR;
				CLANG_WARN_SUSPICIOUS_MOVE = YES;
				CLANG_WARN_UNREACHABLE_CODE = YES;
				CLANG_WARN__DUPLICATE_METHOD_MATCH = YES;
				"CODE_SIGN_IDENTITY[sdk=iphoneos*]" = "iPhone Developer";
				COPY_PHASE_STRIP = NO;
				DEBUG_INFORMATION_FORMAT = dwarf;
				ENABLE_STRICT_OBJC_MSGSEND = YES;
				ENABLE_TESTABILITY = YES;
				GCC_C_LANGUAGE_STANDARD = gnu99;
				GCC_DYNAMIC_NO_PIC = NO;
				GCC_NO_COMMON_BLOCKS = YES;
				GCC_OPTIMIZATION_LEVEL = 0;
				GCC_PREPROCESSOR_DEFINITIONS = (
					"DEBUG=1",
					"$(inherited)",
				);
				GCC_WARN_64_TO_32_BIT_CONVERSION = YES;
				GCC_WARN_ABOUT_RETURN_TYPE = YES_ERROR;
				GCC_WARN_UNDECLARED_SELECTOR = YES;
				GCC_WARN_UNINITIALIZED_AUTOS = YES_AGGRESSIVE;
				GCC_WARN_UNUSED_FUNCTION = YES;
				GCC_WARN_UNUSED_VARIABLE = YES;
				IPHONEOS_DEPLOYMENT_TARGET = 10.3;
				MTL_ENABLE_DEBUG_INFO = YES;
				ONLY_ACTIVE_ARCH = YES;
				SDKROOT = iphoneos;
				TARGETED_DEVICE_FAMILY = "1,2";
			};
			name = Debug;
		};
		88F63895215A8061003F0E80 /* Release */ = {
			isa = XCBuildConfiguration;
			buildSettings = {
				ALWAYS_SEARCH_USER_PATHS = NO;
				CLANG_ANALYZER_NONNULL = YES;
				CLANG_ANALYZER_NUMBER_OBJECT_CONVERSION = YES_AGGRESSIVE;
				CLANG_CXX_LANGUAGE_STANDARD = "gnu++0x";
				CLANG_CXX_LIBRARY = "libc++";
				CLANG_ENABLE_MODULES = YES;
				CLANG_ENABLE_OBJC_ARC = YES;
				CLANG_WARN_BOOL_CONVERSION = YES;
				CLANG_WARN_CONSTANT_CONVERSION = YES;
				CLANG_WARN_DIRECT_OBJC_ISA_USAGE = YES_ERROR;
				CLANG_WARN_DOCUMENTATION_COMMENTS = YES;
				CLANG_WARN_EMPTY_BODY = YES;
				CLANG_WARN_ENUM_CONVERSION = YES;
				CLANG_WARN_INFINITE_RECURSION = YES;
				CLANG_WARN_INT_CONVERSION = YES;
				CLANG_WARN_OBJC_ROOT_CLASS = YES_ERROR;
				CLANG_WARN_SUSPICIOUS_MOVE = YES;
				CLANG_WARN_UNREACHABLE_CODE = YES;
				CLANG_WARN__DUPLICATE_METHOD_MATCH = YES;
				"CODE_SIGN_IDENTITY[sdk=iphoneos*]" = "iPhone Developer";
				COPY_PHASE_STRIP = NO;
				DEBUG_INFORMATION_FORMAT = "dwarf-with-dsym";
				ENABLE_NS_ASSERTIONS = NO;
				ENABLE_STRICT_OBJC_MSGSEND = YES;
				GCC_C_LANGUAGE_STANDARD = gnu99;
				GCC_NO_COMMON_BLOCKS = YES;
				GCC_WARN_64_TO_32_BIT_CONVERSION = YES;
				GCC_WARN_ABOUT_RETURN_TYPE = YES_ERROR;
				GCC_WARN_UNDECLARED_SELECTOR = YES;
				GCC_WARN_UNINITIALIZED_AUTOS = YES_AGGRESSIVE;
				GCC_WARN_UNUSED_FUNCTION = YES;
				GCC_WARN_UNUSED_VARIABLE = YES;
				IPHONEOS_DEPLOYMENT_TARGET = 10.3;
				MTL_ENABLE_DEBUG_INFO = NO;
				SDKROOT = iphoneos;
				TARGETED_DEVICE_FAMILY = "1,2";
				VALIDATE_PRODUCT = YES;
			};
			name = Release;
		};
		88F63897215A8061003F0E80 /* Debug */ = {
			isa = XCBuildConfiguration;
			buildSettings = {
				ASSETCATALOG_COMPILER_APPICON_NAME = AppIcon;
				INFOPLIST_FILE = TrackingDemo/Info.plist;
				LD_RUNPATH_SEARCH_PATHS = "$(inherited) @executable_path/Frameworks";
				LIBRARY_SEARCH_PATHS = (
					"$(inherited)",
					"$(PROJECT_DIR)/Tracking",
				);
				PRODUCT_BUNDLE_IDENTIFIER = com.reyun.io.TrackingDemo;
				PRODUCT_NAME = "$(TARGET_NAME)";
			};
			name = Debug;
		};
		88F63898215A8061003F0E80 /* Release */ = {
			isa = XCBuildConfiguration;
			buildSettings = {
				ASSETCATALOG_COMPILER_APPICON_NAME = AppIcon;
				INFOPLIST_FILE = TrackingDemo/Info.plist;
				LD_RUNPATH_SEARCH_PATHS = "$(inherited) @executable_path/Frameworks";
				LIBRARY_SEARCH_PATHS = (
					"$(inherited)",
					"$(PROJECT_DIR)/Tracking",
				);
				PRODUCT_BUNDLE_IDENTIFIER = com.reyun.io.TrackingDemo;
				PRODUCT_NAME = "$(TARGET_NAME)";
			};
			name = Release;
		};
/* End XCBuildConfiguration section */

/* Begin XCConfigurationList section */
		88F6387A215A8061003F0E80 /* Build configuration list for PBXProject "TrackingDemo" */ = {
			isa = XCConfigurationList;
			buildConfigurations = (
				88F63894215A8061003F0E80 /* Debug */,
				88F63895215A8061003F0E80 /* Release */,
			);
			defaultConfigurationIsVisible = 0;
			defaultConfigurationName = Release;
		};
		88F63896215A8061003F0E80 /* Build configuration list for PBXNativeTarget "TrackingDemo" */ = {
			isa = XCConfigurationList;
			buildConfigurations = (
				88F63897215A8061003F0E80 /* Debug */,
				88F63898215A8061003F0E80 /* Release */,
			);
			defaultConfigurationIsVisible = 0;
		};
/* End XCConfigurationList section */
	};
	rootObject = 88F63877215A8061003F0E80 /* Project object */;
}
